// !$*UTF8*$!
{
	archiveVersion = 1;
	classes = {
	};
	objectVersion = 48;
	objects = {

/* Begin PBXBuildFile section */
		C56DCC2F1F8C703C0089BA97 /* FlightDataInformation.swift in Sources */ = {isa = PBXBuildFile; fileRef = C56DCC2E1F8C703C0089BA97 /* FlightDataInformation.swift */; };
		C56DCC351F8C7FA40089BA97 /* FlightDisplayCell.swift in Sources */ = {isa = PBXBuildFile; fileRef = C56DCC341F8C7FA40089BA97 /* FlightDisplayCell.swift */; };
		C56DCC371F8C7FCE0089BA97 /* FlightInformationList.swift in Sources */ = {isa = PBXBuildFile; fileRef = C56DCC361F8C7FCE0089BA97 /* FlightInformationList.swift */; };
		C56DCC3B1F8D42B90089BA97 /* FlightInformationHeaderSection.swift in Sources */ = {isa = PBXBuildFile; fileRef = C56DCC3A1F8D42B90089BA97 /* FlightInformationHeaderSection.swift */; };
		C56DCC411F8D8A5D0089BA97 /* Utility.swift in Sources */ = {isa = PBXBuildFile; fileRef = C56DCC401F8D8A5D0089BA97 /* Utility.swift */; };
		C59090511F8C3C4B00C2CDD8 /* AppDelegate.swift in Sources */ = {isa = PBXBuildFile; fileRef = C59090501F8C3C4B00C2CDD8 /* AppDelegate.swift */; };
		C59090531F8C3C4B00C2CDD8 /* FlightSearchViewController.swift in Sources */ = {isa = PBXBuildFile; fileRef = C59090521F8C3C4B00C2CDD8 /* FlightSearchViewController.swift */; };
		C59090561F8C3C4B00C2CDD8 /* Main.storyboard in Resources */ = {isa = PBXBuildFile; fileRef = C59090541F8C3C4B00C2CDD8 /* Main.storyboard */; };
		C59090591F8C3C4B00C2CDD8 /* ForcastFlightForAlaskaAirline.xcdatamodeld in Sources */ = {isa = PBXBuildFile; fileRef = C59090571F8C3C4B00C2CDD8 /* ForcastFlightForAlaskaAirline.xcdatamodeld */; };
		C590905B1F8C3C4B00C2CDD8 /* Assets.xcassets in Resources */ = {isa = PBXBuildFile; fileRef = C590905A1F8C3C4B00C2CDD8 /* Assets.xcassets */; };
		C590905E1F8C3C4B00C2CDD8 /* LaunchScreen.storyboard in Resources */ = {isa = PBXBuildFile; fileRef = C590905C1F8C3C4B00C2CDD8 /* LaunchScreen.storyboard */; };
		C5A045DA1F8DDAD100D2BB0F /* Service.swift in Sources */ = {isa = PBXBuildFile; fileRef = C5A045D91F8DDAD100D2BB0F /* Service.swift */; };
/* End PBXBuildFile section */

/* Begin PBXContainerItemProxy section */
		C594DDF41F8EABF7003974F9 /* PBXContainerItemProxy */ = {
			isa = PBXContainerItemProxy;
			containerPortal = C59090451F8C3C4B00C2CDD8 /* Project object */;
			proxyType = 1;
			remoteGlobalIDString = C590904C1F8C3C4B00C2CDD8;
			remoteInfo = DisplayFlightInformation;
		};
/* End PBXContainerItemProxy section */

/* Begin PBXFileReference section */
		C56DCC2E1F8C703C0089BA97 /* FlightDataInformation.swift */ = {isa = PBXFileReference; lastKnownFileType = sourcecode.swift; path = FlightDataInformation.swift; sourceTree = "<group>"; };
		C56DCC341F8C7FA40089BA97 /* FlightDisplayCell.swift */ = {isa = PBXFileReference; lastKnownFileType = sourcecode.swift; path = FlightDisplayCell.swift; sourceTree = "<group>"; };
		C56DCC361F8C7FCE0089BA97 /* FlightInformationList.swift */ = {isa = PBXFileReference; lastKnownFileType = sourcecode.swift; path = FlightInformationList.swift; sourceTree = "<group>"; };
		C56DCC3A1F8D42B90089BA97 /* FlightInformationHeaderSection.swift */ = {isa = PBXFileReference; lastKnownFileType = sourcecode.swift; path = FlightInformationHeaderSection.swift; sourceTree = "<group>"; };
		C56DCC401F8D8A5D0089BA97 /* Utility.swift */ = {isa = PBXFileReference; lastKnownFileType = sourcecode.swift; path = Utility.swift; sourceTree = "<group>"; };
		C590904D1F8C3C4B00C2CDD8 /* DisplayFlightInformation.app */ = {isa = PBXFileReference; explicitFileType = wrapper.application; includeInIndex = 0; path = DisplayFlightInformation.app; sourceTree = BUILT_PRODUCTS_DIR; };
		C59090501F8C3C4B00C2CDD8 /* AppDelegate.swift */ = {isa = PBXFileReference; lastKnownFileType = sourcecode.swift; path = AppDelegate.swift; sourceTree = "<group>"; };
		C59090521F8C3C4B00C2CDD8 /* FlightSearchViewController.swift */ = {isa = PBXFileReference; lastKnownFileType = sourcecode.swift; path = FlightSearchViewController.swift; sourceTree = "<group>"; };
		C59090551F8C3C4B00C2CDD8 /* Base */ = {isa = PBXFileReference; lastKnownFileType = file.storyboard; name = Base; path = Base.lproj/Main.storyboard; sourceTree = "<group>"; };
		C59090581F8C3C4B00C2CDD8 /* ForcastFlightForAlaskaAirline.xcdatamodel */ = {isa = PBXFileReference; lastKnownFileType = wrapper.xcdatamodel; path = ForcastFlightForAlaskaAirline.xcdatamodel; sourceTree = "<group>"; };
		C590905A1F8C3C4B00C2CDD8 /* Assets.xcassets */ = {isa = PBXFileReference; lastKnownFileType = folder.assetcatalog; path = Assets.xcassets; sourceTree = "<group>"; };
		C590905D1F8C3C4B00C2CDD8 /* Base */ = {isa = PBXFileReference; lastKnownFileType = file.storyboard; name = Base; path = Base.lproj/LaunchScreen.storyboard; sourceTree = "<group>"; };
		C590905F1F8C3C4B00C2CDD8 /* Info.plist */ = {isa = PBXFileReference; lastKnownFileType = text.plist.xml; path = Info.plist; sourceTree = "<group>"; };
		C594DDEF1F8EABF7003974F9 /* DisplayFlightInformationUITests.xctest */ = {isa = PBXFileReference; explicitFileType = wrapper.cfbundle; includeInIndex = 0; path = DisplayFlightInformationUITests.xctest; sourceTree = BUILT_PRODUCTS_DIR; };
		C594DDF11F8EABF7003974F9 /* DisplayFlightInformationUITests.swift */ = {isa = PBXFileReference; lastKnownFileType = sourcecode.swift; path = DisplayFlightInformationUITests.swift; sourceTree = "<group>"; };
		C594DDF31F8EABF7003974F9 /* Info.plist */ = {isa = PBXFileReference; lastKnownFileType = text.plist.xml; path = Info.plist; sourceTree = "<group>"; };
		C5A045D91F8DDAD100D2BB0F /* Service.swift */ = {isa = PBXFileReference; lastKnownFileType = sourcecode.swift; path = Service.swift; sourceTree = "<group>"; };
/* End PBXFileReference section */

/* Begin PBXFrameworksBuildPhase section */
		C590904A1F8C3C4B00C2CDD8 /* Frameworks */ = {
			isa = PBXFrameworksBuildPhase;
			buildActionMask = 2147483647;
			files = (
			);
			runOnlyForDeploymentPostprocessing = 0;
		};
		C594DDEC1F8EABF7003974F9 /* Frameworks */ = {
			isa = PBXFrameworksBuildPhase;
			buildActionMask = 2147483647;
			files = (
			);
			runOnlyForDeploymentPostprocessing = 0;
		};
/* End PBXFrameworksBuildPhase section */

/* Begin PBXGroup section */
		C56DCC301F8C7F5C0089BA97 /* Supporting File */ = {
			isa = PBXGroup;
			children = (
				C56DCC401F8D8A5D0089BA97 /* Utility.swift */,
			);
			path = "Supporting File";
			sourceTree = "<group>";
		};
		C56DCC311F8C7F690089BA97 /* Controller */ = {
			isa = PBXGroup;
			children = (
				C56DCC361F8C7FCE0089BA97 /* FlightInformationList.swift */,
			);
			path = Controller;
			sourceTree = "<group>";
		};
		C56DCC321F8C7F720089BA97 /* View */ = {
			isa = PBXGroup;
			children = (
				C56DCC341F8C7FA40089BA97 /* FlightDisplayCell.swift */,
				C59090521F8C3C4B00C2CDD8 /* FlightSearchViewController.swift */,
				C56DCC3A1F8D42B90089BA97 /* FlightInformationHeaderSection.swift */,
			);
			path = View;
			sourceTree = "<group>";
		};
		C56DCC331F8C7F790089BA97 /* Model */ = {
			isa = PBXGroup;
			children = (
				C56DCC2E1F8C703C0089BA97 /* FlightDataInformation.swift */,
			);
			path = Model;
			sourceTree = "<group>";
		};
		C59090441F8C3C4B00C2CDD8 = {
			isa = PBXGroup;
			children = (
				C590904F1F8C3C4B00C2CDD8 /* Display Flight Information */,
				C594DDF01F8EABF7003974F9 /* DisplayFlightInformationUITests */,
				C590904E1F8C3C4B00C2CDD8 /* Products */,
			);
			sourceTree = "<group>";
		};
		C590904E1F8C3C4B00C2CDD8 /* Products */ = {
			isa = PBXGroup;
			children = (
				C590904D1F8C3C4B00C2CDD8 /* DisplayFlightInformation.app */,
				C594DDEF1F8EABF7003974F9 /* DisplayFlightInformationUITests.xctest */,
			);
			name = Products;
			sourceTree = "<group>";
		};
		C590904F1F8C3C4B00C2CDD8 /* Display Flight Information */ = {
			isa = PBXGroup;
			children = (
				C5D00C341F8E9B95007BB516 /* Service */,
				C56DCC331F8C7F790089BA97 /* Model */,
				C56DCC321F8C7F720089BA97 /* View */,
				C56DCC311F8C7F690089BA97 /* Controller */,
				C56DCC301F8C7F5C0089BA97 /* Supporting File */,
				C59090501F8C3C4B00C2CDD8 /* AppDelegate.swift */,
				C59090541F8C3C4B00C2CDD8 /* Main.storyboard */,
				C590905A1F8C3C4B00C2CDD8 /* Assets.xcassets */,
				C590905C1F8C3C4B00C2CDD8 /* LaunchScreen.storyboard */,
				C590905F1F8C3C4B00C2CDD8 /* Info.plist */,
				C59090571F8C3C4B00C2CDD8 /* ForcastFlightForAlaskaAirline.xcdatamodeld */,
			);
			path = "Display Flight Information";
			sourceTree = "<group>";
		};
		C594DDF01F8EABF7003974F9 /* DisplayFlightInformationUITests */ = {
			isa = PBXGroup;
			children = (
				C594DDF11F8EABF7003974F9 /* DisplayFlightInformationUITests.swift */,
				C594DDF31F8EABF7003974F9 /* Info.plist */,
			);
			path = DisplayFlightInformationUITests;
			sourceTree = "<group>";
		};
		C5D00C341F8E9B95007BB516 /* Service */ = {
			isa = PBXGroup;
			children = (
				C5A045D91F8DDAD100D2BB0F /* Service.swift */,
			);
			path = Service;
			sourceTree = "<group>";
		};
/* End PBXGroup section */

/* Begin PBXNativeTarget section */
		C590904C1F8C3C4B00C2CDD8 /* DisplayFlightInformation */ = {
			isa = PBXNativeTarget;
			buildConfigurationList = C59090781F8C3C4C00C2CDD8 /* Build configuration list for PBXNativeTarget "DisplayFlightInformation" */;
			buildPhases = (
				C59090491F8C3C4B00C2CDD8 /* Sources */,
				C590904A1F8C3C4B00C2CDD8 /* Frameworks */,
				C590904B1F8C3C4B00C2CDD8 /* Resources */,
			);
			buildRules = (
			);
			dependencies = (
			);
			name = DisplayFlightInformation;
			productName = ForcastFlightForAlaskaAirline;
			productReference = C590904D1F8C3C4B00C2CDD8 /* DisplayFlightInformation.app */;
			productType = "com.apple.product-type.application";
		};
		C594DDEE1F8EABF7003974F9 /* DisplayFlightInformationUITests */ = {
			isa = PBXNativeTarget;
			buildConfigurationList = C594DDF61F8EABF7003974F9 /* Build configuration list for PBXNativeTarget "DisplayFlightInformationUITests" */;
			buildPhases = (
				C594DDEB1F8EABF7003974F9 /* Sources */,
				C594DDEC1F8EABF7003974F9 /* Frameworks */,
				C594DDED1F8EABF7003974F9 /* Resources */,
			);
			buildRules = (
			);
			dependencies = (
				C594DDF51F8EABF7003974F9 /* PBXTargetDependency */,
			);
			name = DisplayFlightInformationUITests;
			productName = DisplayFlightInformationUITests;
			productReference = C594DDEF1F8EABF7003974F9 /* DisplayFlightInformationUITests.xctest */;
			productType = "com.apple.product-type.bundle.ui-testing";
		};
/* End PBXNativeTarget section */

/* Begin PBXProject section */
		C59090451F8C3C4B00C2CDD8 /* Project object */ = {
			isa = PBXProject;
			attributes = {
				LastSwiftUpdateCheck = 0900;
				LastUpgradeCheck = 0900;
				ORGANIZATIONNAME = "ashim Dahal";
				TargetAttributes = {
					C590904C1F8C3C4B00C2CDD8 = {
						CreatedOnToolsVersion = 9.0;
						ProvisioningStyle = Automatic;
					};
					C594DDEE1F8EABF7003974F9 = {
						CreatedOnToolsVersion = 9.0;
						ProvisioningStyle = Automatic;
						TestTargetID = C590904C1F8C3C4B00C2CDD8;
					};
				};
			};
			buildConfigurationList = C59090481F8C3C4B00C2CDD8 /* Build configuration list for PBXProject "DisplayFlightInformation" */;
			compatibilityVersion = "Xcode 8.0";
			developmentRegion = en;
			hasScannedForEncodings = 0;
			knownRegions = (
				en,
				Base,
			);
			mainGroup = C59090441F8C3C4B00C2CDD8;
			productRefGroup = C590904E1F8C3C4B00C2CDD8 /* Products */;
			projectDirPath = "";
			projectRoot = "";
			targets = (
				C590904C1F8C3C4B00C2CDD8 /* DisplayFlightInformation */,
				C594DDEE1F8EABF7003974F9 /* DisplayFlightInformationUITests */,
			);
		};
/* End PBXProject section */

/* Begin PBXResourcesBuildPhase section */
		C590904B1F8C3C4B00C2CDD8 /* Resources */ = {
			isa = PBXResourcesBuildPhase;
			buildActionMask = 2147483647;
			files = (
				C590905E1F8C3C4B00C2CDD8 /* LaunchScreen.storyboard in Resources */,
				C590905B1F8C3C4B00C2CDD8 /* Assets.xcassets in Resources */,
				C59090561F8C3C4B00C2CDD8 /* Main.storyboard in Resources */,
			);
			runOnlyForDeploymentPostprocessing = 0;
		};
		C594DDED1F8EABF7003974F9 /* Resources */ = {
			isa = PBXResourcesBuildPhase;
			buildActionMask = 2147483647;
			files = (
			);
			runOnlyForDeploymentPostprocessing = 0;
		};
/* End PBXResourcesBuildPhase section */

/* Begin PBXSourcesBuildPhase section */
		C59090491F8C3C4B00C2CDD8 /* Sources */ = {
			isa = PBXSourcesBuildPhase;
			buildActionMask = 2147483647;
			files = (
				C59090591F8C3C4B00C2CDD8 /* ForcastFlightForAlaskaAirline.xcdatamodeld in Sources */,
				C56DCC351F8C7FA40089BA97 /* FlightDisplayCell.swift in Sources */,
				C56DCC371F8C7FCE0089BA97 /* FlightInformationList.swift in Sources */,
				C59090531F8C3C4B00C2CDD8 /* FlightSearchViewController.swift in Sources */,
				C56DCC411F8D8A5D0089BA97 /* Utility.swift in Sources */,
				C5A045DA1F8DDAD100D2BB0F /* Service.swift in Sources */,
				C59090511F8C3C4B00C2CDD8 /* AppDelegate.swift in Sources */,
				C56DCC2F1F8C703C0089BA97 /* FlightDataInformation.swift in Sources */,
				C56DCC3B1F8D42B90089BA97 /* FlightInformationHeaderSection.swift in Sources */,
			);
			runOnlyForDeploymentPostprocessing = 0;
		};
		C594DDEB1F8EABF7003974F9 /* Sources */ = {
			isa = PBXSourcesBuildPhase;
			buildActionMask = 2147483647;
			files = (
			);
			runOnlyForDeploymentPostprocessing = 0;
		};
/* End PBXSourcesBuildPhase section */

/* Begin PBXTargetDependency section */
		C594DDF51F8EABF7003974F9 /* PBXTargetDependency */ = {
			isa = PBXTargetDependency;
			target = C590904C1F8C3C4B00C2CDD8 /* DisplayFlightInformation */;
			targetProxy = C594DDF41F8EABF7003974F9 /* PBXContainerItemProxy */;
		};
/* End PBXTargetDependency section */

/* Begin PBXVariantGroup section */
		C59090541F8C3C4B00C2CDD8 /* Main.storyboard */ = {
			isa = PBXVariantGroup;
			children = (
				C59090551F8C3C4B00C2CDD8 /* Base */,
			);
			name = Main.storyboard;
			sourceTree = "<group>";
		};
		C590905C1F8C3C4B00C2CDD8 /* LaunchScreen.storyboard */ = {
			isa = PBXVariantGroup;
			children = (
				C590905D1F8C3C4B00C2CDD8 /* Base */,
			);
			name = LaunchScreen.storyboard;
			sourceTree = "<group>";
		};
/* End PBXVariantGroup section */

/* Begin XCBuildConfiguration section */
		C59090761F8C3C4C00C2CDD8 /* Debug */ = {
			isa = XCBuildConfiguration;
			buildSettings = {
				ALWAYS_SEARCH_USER_PATHS = NO;
				CLANG_ANALYZER_NONNULL = YES;
				CLANG_ANALYZER_NUMBER_OBJECT_CONVERSION = YES_AGGRESSIVE;
				CLANG_CXX_LANGUAGE_STANDARD = "gnu++14";
				CLANG_CXX_LIBRARY = "libc++";
				CLANG_ENABLE_MODULES = YES;
				CLANG_ENABLE_OBJC_ARC = YES;
				CLANG_WARN_BLOCK_CAPTURE_AUTORELEASING = YES;
				CLANG_WARN_BOOL_CONVERSION = YES;
				CLANG_WARN_COMMA = YES;
				CLANG_WARN_CONSTANT_CONVERSION = YES;
				CLANG_WARN_DIRECT_OBJC_ISA_USAGE = YES_ERROR;
				CLANG_WARN_DOCUMENTATION_COMMENTS = YES;
				CLANG_WARN_EMPTY_BODY = YES;
				CLANG_WARN_ENUM_CONVERSION = YES;
				CLANG_WARN_INFINITE_RECURSION = YES;
				CLANG_WARN_INT_CONVERSION = YES;
				CLANG_WARN_NON_LITERAL_NULL_CONVERSION = YES;
				CLANG_WARN_OBJC_LITERAL_CONVERSION = YES;
				CLANG_WARN_OBJC_ROOT_CLASS = YES_ERROR;
				CLANG_WARN_RANGE_LOOP_ANALYSIS = YES;
				CLANG_WARN_STRICT_PROTOTYPES = YES;
				CLANG_WARN_SUSPICIOUS_MOVE = YES;
				CLANG_WARN_UNGUARDED_AVAILABILITY = YES_AGGRESSIVE;
				CLANG_WARN_UNREACHABLE_CODE = YES;
				CLANG_WARN__DUPLICATE_METHOD_MATCH = YES;
				CODE_SIGN_IDENTITY = "iPhone Developer";
				COPY_PHASE_STRIP = NO;
				DEBUG_INFORMATION_FORMAT = dwarf;
				ENABLE_STRICT_OBJC_MSGSEND = YES;
				ENABLE_TESTABILITY = YES;
				GCC_C_LANGUAGE_STANDARD = gnu11;
				GCC_DYNAMIC_NO_PIC = NO;
				GCC_NO_COMMON_BLOCKS = YES;
				GCC_OPTIMIZATION_LEVEL = 0;
				GCC_PREPROCESSOR_DEFINITIONS = (
					"DEBUG=1",
					"$(inherited)",
				);
				GCC_WARN_64_TO_32_BIT_CONVERSION = YES;
				GCC_WARN_ABOUT_RETURN_TYPE = YES_ERROR;
				GCC_WARN_UNDECLARED_SELECTOR = YES;
				GCC_WARN_UNINITIALIZED_AUTOS = YES_AGGRESSIVE;
				GCC_WARN_UNUSED_FUNCTION = YES;
				GCC_WARN_UNUSED_VARIABLE = YES;
				IPHONEOS_DEPLOYMENT_TARGET = 11.0;
				MTL_ENABLE_DEBUG_INFO = YES;
				ONLY_ACTIVE_ARCH = YES;
				SDKROOT = iphoneos;
				SWIFT_ACTIVE_COMPILATION_CONDITIONS = DEBUG;
				SWIFT_OPTIMIZATION_LEVEL = "-Onone";
			};
			name = Debug;
		};
		C59090771F8C3C4C00C2CDD8 /* Release */ = {
			isa = XCBuildConfiguration;
			buildSettings = {
				ALWAYS_SEARCH_USER_PATHS = NO;
				CLANG_ANALYZER_NONNULL = YES;
				CLANG_ANALYZER_NUMBER_OBJECT_CONVERSION = YES_AGGRESSIVE;
				CLANG_CXX_LANGUAGE_STANDARD = "gnu++14";
				CLANG_CXX_LIBRARY = "libc++";
				CLANG_ENABLE_MODULES = YES;
				CLANG_ENABLE_OBJC_ARC = YES;
				CLANG_WARN_BLOCK_CAPTURE_AUTORELEASING = YES;
				CLANG_WARN_BOOL_CONVERSION = YES;
				CLANG_WARN_COMMA = YES;
				CLANG_WARN_CONSTANT_CONVERSION = YES;
				CLANG_WARN_DIRECT_OBJC_ISA_USAGE = YES_ERROR;
				CLANG_WARN_DOCUMENTATION_COMMENTS = YES;
				CLANG_WARN_EMPTY_BODY = YES;
				CLANG_WARN_ENUM_CONVERSION = YES;
				CLANG_WARN_INFINITE_RECURSION = YES;
				CLANG_WARN_INT_CONVERSION = YES;
				CLANG_WARN_NON_LITERAL_NULL_CONVERSION = YES;
				CLANG_WARN_OBJC_LITERAL_CONVERSION = YES;
				CLANG_WARN_OBJC_ROOT_CLASS = YES_ERROR;
				CLANG_WARN_RANGE_LOOP_ANALYSIS = YES;
				CLANG_WARN_STRICT_PROTOTYPES = YES;
				CLANG_WARN_SUSPICIOUS_MOVE = YES;
				CLANG_WARN_UNGUARDED_AVAILABILITY = YES_AGGRESSIVE;
				CLANG_WARN_UNREACHABLE_CODE = YES;
				CLANG_WARN__DUPLICATE_METHOD_MATCH = YES;
				CODE_SIGN_IDENTITY = "iPhone Developer";
				COPY_PHASE_STRIP = NO;
				DEBUG_INFORMATION_FORMAT = "dwarf-with-dsym";
				ENABLE_NS_ASSERTIONS = NO;
				ENABLE_STRICT_OBJC_MSGSEND = YES;
				GCC_C_LANGUAGE_STANDARD = gnu11;
				GCC_NO_COMMON_BLOCKS = YES;
				GCC_WARN_64_TO_32_BIT_CONVERSION = YES;
				GCC_WARN_ABOUT_RETURN_TYPE = YES_ERROR;
				GCC_WARN_UNDECLARED_SELECTOR = YES;
				GCC_WARN_UNINITIALIZED_AUTOS = YES_AGGRESSIVE;
				GCC_WARN_UNUSED_FUNCTION = YES;
				GCC_WARN_UNUSED_VARIABLE = YES;
				IPHONEOS_DEPLOYMENT_TARGET = 11.0;
				MTL_ENABLE_DEBUG_INFO = NO;
				SDKROOT = iphoneos;
				SWIFT_OPTIMIZATION_LEVEL = "-Owholemodule";
				VALIDATE_PRODUCT = YES;
			};
			name = Release;
		};
		C59090791F8C3C4C00C2CDD8 /* Debug */ = {
			isa = XCBuildConfiguration;
			buildSettings = {
				ASSETCATALOG_COMPILER_APPICON_NAME = AppIcon;
				CODE_SIGN_STYLE = Automatic;
				INFOPLIST_FILE = "$(SRCROOT)/Display Flight Information/Info.plist";
				LD_RUNPATH_SEARCH_PATHS = "$(inherited) @executable_path/Frameworks";
				PRODUCT_BUNDLE_IDENTIFIER = ashim.ForcastFlightForAlaskaAirline;
				PRODUCT_NAME = "$(TARGET_NAME)";
				SWIFT_VERSION = 4.0;
				TARGETED_DEVICE_FAMILY = "1,2";
			};
			name = Debug;
		};
		C590907A1F8C3C4C00C2CDD8 /* Release */ = {
			isa = XCBuildConfiguration;
			buildSettings = {
				ASSETCATALOG_COMPILER_APPICON_NAME = AppIcon;
				CODE_SIGN_STYLE = Automatic;
				INFOPLIST_FILE = "$(SRCROOT)/Display Flight Information/Info.plist";
				LD_RUNPATH_SEARCH_PATHS = "$(inherited) @executable_path/Frameworks";
				PRODUCT_BUNDLE_IDENTIFIER = ashim.ForcastFlightForAlaskaAirline;
				PRODUCT_NAME = "$(TARGET_NAME)";
				SWIFT_VERSION = 4.0;
				TARGETED_DEVICE_FAMILY = "1,2";
			};
			name = Release;
		};
		C594DDF71F8EABF7003974F9 /* Debug */ = {
			isa = XCBuildConfiguration;
			buildSettings = {
				CODE_SIGN_STYLE = Automatic;
				INFOPLIST_FILE = DisplayFlightInformationUITests/Info.plist;
				LD_RUNPATH_SEARCH_PATHS = "$(inherited) @executable_path/Frameworks @loader_path/Frameworks";
				PRODUCT_BUNDLE_IDENTIFIER = ashim.DisplayFlightInformationUITests;
				PRODUCT_NAME = "$(TARGET_NAME)";
				SWIFT_VERSION = 4.0;
				TARGETED_DEVICE_FAMILY = "1,2";
				TEST_TARGET_NAME = DisplayFlightInformation;
			};
			name = Debug;
		};
		C594DDF81F8EABF7003974F9 /* Release */ = {
			isa = XCBuildConfiguration;
			buildSettings = {
				CODE_SIGN_STYLE = Automatic;
				INFOPLIST_FILE = DisplayFlightInformationUITests/Info.plist;
				LD_RUNPATH_SEARCH_PATHS = "$(inherited) @executable_path/Frameworks @loader_path/Frameworks";
				PRODUCT_BUNDLE_IDENTIFIER = ashim.DisplayFlightInformationUITests;
				PRODUCT_NAME = "$(TARGET_NAME)";
				SWIFT_VERSION = 4.0;
				TARGETED_DEVICE_FAMILY = "1,2";
				TEST_TARGET_NAME = DisplayFlightInformation;
			};
			name = Release;
		};
/* End XCBuildConfiguration section */

/* Begin XCConfigurationList section */
		C59090481F8C3C4B00C2CDD8 /* Build configuration list for PBXProject "DisplayFlightInformation" */ = {
			isa = XCConfigurationList;
			buildConfigurations = (
				C59090761F8C3C4C00C2CDD8 /* Debug */,
				C59090771F8C3C4C00C2CDD8 /* Release */,
			);
			defaultConfigurationIsVisible = 0;
			defaultConfigurationName = Release;
		};
		C59090781F8C3C4C00C2CDD8 /* Build configuration list for PBXNativeTarget "DisplayFlightInformation" */ = {
			isa = XCConfigurationList;
			buildConfigurations = (
				C59090791F8C3C4C00C2CDD8 /* Debug */,
				C590907A1F8C3C4C00C2CDD8 /* Release */,
			);
			defaultConfigurationIsVisible = 0;
			defaultConfigurationName = Release;
		};
		C594DDF61F8EABF7003974F9 /* Build configuration list for PBXNativeTarget "DisplayFlightInformationUITests" */ = {
			isa = XCConfigurationList;
			buildConfigurations = (
				C594DDF71F8EABF7003974F9 /* Debug */,
				C594DDF81F8EABF7003974F9 /* Release */,
			);
			defaultConfigurationIsVisible = 0;
			defaultConfigurationName = Release;
		};
/* End XCConfigurationList section */

/* Begin XCVersionGroup section */
		C59090571F8C3C4B00C2CDD8 /* ForcastFlightForAlaskaAirline.xcdatamodeld */ = {
			isa = XCVersionGroup;
			children = (
				C59090581F8C3C4B00C2CDD8 /* ForcastFlightForAlaskaAirline.xcdatamodel */,
			);
			currentVersion = C59090581F8C3C4B00C2CDD8 /* ForcastFlightForAlaskaAirline.xcdatamodel */;
			path = ForcastFlightForAlaskaAirline.xcdatamodeld;
			sourceTree = "<group>";
			versionGroupType = wrapper.xcdatamodel;
		};
/* End XCVersionGroup section */
	};
	rootObject = C59090451F8C3C4B00C2CDD8 /* Project object */;
}
